
Microsoft Visual Studio Solution File, Format Version 12.00
# Visual Studio Version 17
VisualStudioVersion = 17.8.34511.84
MinimumVisualStudioVersion = 10.0.40219.1
Project("{9A19103F-16F7-4668-BE54-9A1E7A4F7556}") = "UILayer", "ConsoleApp31\UILayer.csproj", "{A4109C6D-A468-4289-86C9-8648CC0B1CBF}"
EndProject
Project("{9A19103F-16F7-4668-BE54-9A1E7A4F7556}") = "DataAccessLayer", "DataAccess_Layer\DataAccessLayer.csproj", "{93F80B85-3152-401A-B35D-C9E086CE0A49}"
EndProject
Project("{9A19103F-16F7-4668-BE54-9A1E7A4F7556}") = "BusinessLogicLayer", "BusinessLogic_Layer\BusinessLogicLayer.csproj", "{81C6E249-AABF-4598-88DE-D870F7CF9723}"
EndProject
Project("{FAE04EC0-301F-11D3-BF4B-00C04F79EFBC}") = "ServiceTest", "NUnitTest\ServiceTest.csproj", "{B4348F2F-E33C-4DB3-8A69-73B6E2D21444}"
EndProject
Global
	GlobalSection(SolutionConfigurationPlatforms) = preSolution
		Debug|Any CPU = Debug|Any CPU
		Release|Any CPU = Release|Any CPU
	EndGlobalSection
	GlobalSection(ProjectConfigurationPlatforms) = postSolution
		{A4109C6D-A468-4289-86C9-8648CC0B1CBF}.Debug|Any CPU.ActiveCfg = Debug|Any CPU
		{A4109C6D-A468-4289-86C9-8648CC0B1CBF}.Debug|Any CPU.Build.0 = Debug|Any CPU
		{A4109C6D-A468-4289-86C9-8648CC0B1CBF}.Release|Any CPU.ActiveCfg = Release|Any CPU
		{A4109C6D-A468-4289-86C9-8648CC0B1CBF}.Release|Any CPU.Build.0 = Release|Any CPU
		{93F80B85-3152-401A-B35D-C9E086CE0A49}.Debug|Any CPU.ActiveCfg = Debug|Any CPU
		{93F80B85-3152-401A-B35D-C9E086CE0A49}.Debug|Any CPU.Build.0 = Debug|Any CPU
		{93F80B85-3152-401A-B35D-C9E086CE0A49}.Release|Any CPU.ActiveCfg = Release|Any CPU
		{93F80B85-3152-401A-B35D-C9E086CE0A49}.Release|Any CPU.Build.0 = Release|Any CPU
		{81C6E249-AABF-4598-88DE-D870F7CF9723}.Debug|Any CPU.ActiveCfg = Debug|Any CPU
		{81C6E249-AABF-4598-88DE-D870F7CF9723}.Debug|Any CPU.Build.0 = Debug|Any CPU
		{81C6E249-AABF-4598-88DE-D870F7CF9723}.Release|Any CPU.ActiveCfg = Release|Any CPU
		{81C6E249-AABF-4598-88DE-D870F7CF9723}.Release|Any CPU.Build.0 = Release|Any CPU
		{B4348F2F-E33C-4DB3-8A69-73B6E2D21444}.Debug|Any CPU.ActiveCfg = Debug|Any CPU
		{B4348F2F-E33C-4DB3-8A69-73B6E2D21444}.Debug|Any CPU.Build.0 = Debug|Any CPU
		{B4348F2F-E33C-4DB3-8A69-73B6E2D21444}.Release|Any CPU.ActiveCfg = Release|Any CPU
		{B4348F2F-E33C-4DB3-8A69-73B6E2D21444}.Release|Any CPU.Build.0 = Release|Any CPU
	EndGlobalSection
	GlobalSection(SolutionProperties) = preSolution
		HideSolutionNode = FALSE
	EndGlobalSection
	GlobalSection(ExtensibilityGlobals) = postSolution
		SolutionGuid = {51A27BD8-3BD8-43BD-9FD9-8981A86253D2}
	EndGlobalSection
EndGlobal
